Microsoft Visual Studio Solution File, Format Version 12.00
# Visual Studio 15
VisualStudioVersion = 15.0.26124.0
MinimumVisualStudioVersion = 15.0.26124.0
Project("{9A19103F-16F7-4668-BE54-9A1E7A4F7556}") = "TestContainers", "TestContainers\TestContainers.csproj", "{CEBE0763-146E-4A92-8027-7403F099AE9B}"
EndProject
Project("{9A19103F-16F7-4668-BE54-9A1E7A4F7556}") = "TestContainers.Tests", "TestContainers.Tests\TestContainers.Tests.csproj", "{C4449BD8-4483-438D-B9F2-C548F361012D}"
EndProject
Global
	GlobalSection(SolutionConfigurationPlatforms) = preSolution
		Debug|Any CPU = Debug|Any CPU
		Debug|x64 = Debug|x64
		Debug|x86 = Debug|x86
		Release|Any CPU = Release|Any CPU
		Release|x64 = Release|x64
		Release|x86 = Release|x86
	EndGlobalSection
	GlobalSection(ProjectConfigurationPlatforms) = postSolution
		{CEBE0763-146E-4A92-8027-7403F099AE9B}.Debug|Any CPU.ActiveCfg = Debug|Any CPU
		{CEBE0763-146E-4A92-8027-7403F099AE9B}.Debug|Any CPU.Build.0 = Debug|Any CPU
		{CEBE0763-146E-4A92-8027-7403F099AE9B}.Debug|x64.ActiveCfg = Debug|Any CPU
		{CEBE0763-146E-4A92-8027-7403F099AE9B}.Debug|x64.Build.0 = Debug|Any CPU
		{CEBE0763-146E-4A92-8027-7403F099AE9B}.Debug|x86.ActiveCfg = Debug|Any CPU
		{CEBE0763-146E-4A92-8027-7403F099AE9B}.Debug|x86.Build.0 = Debug|Any CPU
		{CEBE0763-146E-4A92-8027-7403F099AE9B}.Release|Any CPU.ActiveCfg = Release|Any CPU
		{CEBE0763-146E-4A92-8027-7403F099AE9B}.Release|Any CPU.Build.0 = Release|Any CPU
		{CEBE0763-146E-4A92-8027-7403F099AE9B}.Release|x64.ActiveCfg = Release|Any CPU
		{CEBE0763-146E-4A92-8027-7403F099AE9B}.Release|x64.Build.0 = Release|Any CPU
		{CEBE0763-146E-4A92-8027-7403F099AE9B}.Release|x86.ActiveCfg = Release|Any CPU
		{CEBE0763-146E-4A92-8027-7403F099AE9B}.Release|x86.Build.0 = Release|Any CPU
		{C4449BD8-4483-438D-B9F2-C548F361012D}.Debug|Any CPU.ActiveCfg = Debug|Any CPU
		{C4449BD8-4483-438D-B9F2-C548F361012D}.Debug|Any CPU.Build.0 = Debug|Any CPU
		{C4449BD8-4483-438D-B9F2-C548F361012D}.Debug|x64.ActiveCfg = Debug|Any CPU
		{C4449BD8-4483-438D-B9F2-C548F361012D}.Debug|x64.Build.0 = Debug|Any CPU
		{C4449BD8-4483-438D-B9F2-C548F361012D}.Debug|x86.ActiveCfg = Debug|Any CPU
		{C4449BD8-4483-438D-B9F2-C548F361012D}.Debug|x86.Build.0 = Debug|Any CPU
		{C4449BD8-4483-438D-B9F2-C548F361012D}.Release|Any CPU.ActiveCfg = Release|Any CPU
		{C4449BD8-4483-438D-B9F2-C548F361012D}.Release|Any CPU.Build.0 = Release|Any CPU
		{C4449BD8-4483-438D-B9F2-C548F361012D}.Release|x64.ActiveCfg = Release|Any CPU
		{C4449BD8-4483-438D-B9F2-C548F361012D}.Release|x64.Build.0 = Release|Any CPU
		{C4449BD8-4483-438D-B9F2-C548F361012D}.Release|x86.ActiveCfg = Release|Any CPU
		{C4449BD8-4483-438D-B9F2-C548F361012D}.Release|x86.Build.0 = Release|Any CPU
	EndGlobalSection
	GlobalSection(SolutionProperties) = preSolution
		HideSolutionNode = FALSE
	EndGlobalSection
	GlobalSection(ExtensibilityGlobals) = postSolution
		SolutionGuid = {F385B2E2-A1ED-41A3-A68F-662C381EE606}
	EndGlobalSection
EndGlobal
